
Microsoft Visual Studio Solution File, Format Version 12.00
#
Project("{FAE04EC0-301F-11D3-BF4B-00C04F79EFBC}") = "Localazy", "Localazy\Localazy.csproj", "{B7DD1F43-B896-496D-9C5B-07D3D089C099}"
EndProject
Project("{FAE04EC0-301F-11D3-BF4B-00C04F79EFBC}") = "Tests", "Tests\Tests.csproj", "{D9009778-50AF-4114-B2E4-EBB17F90441D}"
EndProject
Global
	GlobalSection(SolutionConfigurationPlatforms) = preSolution
		Debug|Any CPU = Debug|Any CPU
		Debug|x64 = Debug|x64
		Debug|x86 = Debug|x86
		Release|Any CPU = Release|Any CPU
		Release|x64 = Release|x64
		Release|x86 = Release|x86
	EndGlobalSection
	GlobalSection(ProjectConfigurationPlatforms) = postSolution
		{B7DD1F43-B896-496D-9C5B-07D3D089C099}.Debug|Any CPU.ActiveCfg = Debug|Any CPU
		{B7DD1F43-B896-496D-9C5B-07D3D089C099}.Debug|Any CPU.Build.0 = Debug|Any CPU
		{B7DD1F43-B896-496D-9C5B-07D3D089C099}.Debug|x64.ActiveCfg = Debug|Any CPU
		{B7DD1F43-B896-496D-9C5B-07D3D089C099}.Debug|x64.Build.0 = Debug|Any CPU
		{B7DD1F43-B896-496D-9C5B-07D3D089C099}.Debug|x86.ActiveCfg = Debug|Any CPU
		{B7DD1F43-B896-496D-9C5B-07D3D089C099}.Debug|x86.Build.0 = Debug|Any CPU
		{B7DD1F43-B896-496D-9C5B-07D3D089C099}.Release|Any CPU.ActiveCfg = Release|Any CPU
		{B7DD1F43-B896-496D-9C5B-07D3D089C099}.Release|Any CPU.Build.0 = Release|Any CPU
		{B7DD1F43-B896-496D-9C5B-07D3D089C099}.Release|x64.ActiveCfg = Release|Any CPU
		{B7DD1F43-B896-496D-9C5B-07D3D089C099}.Release|x64.Build.0 = Release|Any CPU
		{B7DD1F43-B896-496D-9C5B-07D3D089C099}.Release|x86.ActiveCfg = Release|Any CPU
		{B7DD1F43-B896-496D-9C5B-07D3D089C099}.Release|x86.Build.0 = Release|Any CPU
		{D9009778-50AF-4114-B2E4-EBB17F90441D}.Debug|Any CPU.ActiveCfg = Debug|Any CPU
		{D9009778-50AF-4114-B2E4-EBB17F90441D}.Debug|Any CPU.Build.0 = Debug|Any CPU
		{D9009778-50AF-4114-B2E4-EBB17F90441D}.Debug|x64.ActiveCfg = Debug|Any CPU
		{D9009778-50AF-4114-B2E4-EBB17F90441D}.Debug|x64.Build.0 = Debug|Any CPU
		{D9009778-50AF-4114-B2E4-EBB17F90441D}.Debug|x86.ActiveCfg = Debug|Any CPU
		{D9009778-50AF-4114-B2E4-EBB17F90441D}.Debug|x86.Build.0 = Debug|Any CPU
		{D9009778-50AF-4114-B2E4-EBB17F90441D}.Release|Any CPU.ActiveCfg = Release|Any CPU
		{D9009778-50AF-4114-B2E4-EBB17F90441D}.Release|Any CPU.Build.0 = Release|Any CPU
		{D9009778-50AF-4114-B2E4-EBB17F90441D}.Release|x64.ActiveCfg = Release|Any CPU
		{D9009778-50AF-4114-B2E4-EBB17F90441D}.Release|x64.Build.0 = Release|Any CPU
		{D9009778-50AF-4114-B2E4-EBB17F90441D}.Release|x86.ActiveCfg = Release|Any CPU
		{D9009778-50AF-4114-B2E4-EBB17F90441D}.Release|x86.Build.0 = Release|Any CPU
	EndGlobalSection
EndGlobal
